{
  "name": "jekyll-theme-primer",
  "version": "0.1.0",
  "lockfileVersion": 1,
  "requires": true,
  "dependencies": {
    "anchor-js": {
      "version": "4.0.0",
      "resolved": "https://registry.npmjs.org/anchor-js/-/anchor-js-4.0.0.tgz",
      "integrity": "sha1-HRHnUTw3ilawFhLzjE9QhYzNwcU="
    },
    "primer-base": {
      "version": "1.3.0",
      "resolved": "https://registry.npmjs.org/primer-base/-/primer-base-1.3.0.tgz",
      "integrity": "sha1-168n/E8ahjG/NuQOqf3G0H3TGRg=",
      "requires": {
        "primer-support": "4.2.0"
      }
    },
    "primer-layout": {
      "version": "1.2.0",
      "resolved": "https://registry.npmjs.org/primer-layout/-/primer-layout-1.2.0.tgz",
      "integrity": "sha1-EL2+dEaGybv3/L6N2xT/7A018oI=",
      "requires": {
        "primer-support": "4.2.0"
      }
    },
    "primer-markdown": {
      "version": "3.5.0",
      "resolved": "https://registry.npmjs.org/primer-markdown/-/primer-markdown-3.5.0.tgz",
      "integrity": "sha1-ntu7DZPHm05UADoTsPXUsgz2DgI=",
      "requires": {
        "primer-support": "4.2.0"
      }
    },
    "primer-support": {
      "version": "4.2.0",
      "resolved": "https://registry.npmjs.org/primer-support/-/primer-support-4.2.0.tgz",
      "integrity": "sha1-l62vtX48YXWP2ZwCwKJBA69XbEE="
    },
    "primer-utilities": {
      "version": "4.5.0",
      "resolved": "https://registry.npmjs.org/primer-utilities/-/primer-utilities-4.5.0.tgz",
      "integrity": "sha1-6tXV+D2U+ntiv3oELbTxoHqv0hQ=",
      "requires": {
        "primer-support": "4.2.0"
      }
    }
  }
}
